
Microsoft Visual Studio Solution File, Format Version 12.00
# Visual Studio Version 17
VisualStudioVersion = 17.4.33122.133
MinimumVisualStudioVersion = 10.0.40219.1
Project("{FAE04EC0-301F-11D3-BF4B-00C04F79EFBC}") = "Sol_PuntoVenta.Datos", "Sol_PuntoVenta.Datos\Sol_PuntoVenta.Datos.csproj", "{A90BDA76-2A51-4352-938A-973979205382}"
EndProject
Project("{FAE04EC0-301F-11D3-BF4B-00C04F79EFBC}") = "Sol_PuntoVenta.Negocio", "Sol_PuntoVenta.Negocio\Sol_PuntoVenta.Negocio.csproj", "{C358D9FB-6F4E-4CAF-A32B-404CB0598C7C}"
EndProject
Project("{FAE04EC0-301F-11D3-BF4B-00C04F79EFBC}") = "Sol_PuntoVenta.Entidades", "Sol_PuntoVenta.Entidades\Sol_PuntoVenta.Entidades.csproj", "{066B56CB-1626-47BC-BA9F-9D6B0F6C4526}"
EndProject
Project("{FAE04EC0-301F-11D3-BF4B-00C04F79EFBC}") = "Sol_PuntoVenta.Presentacion", "Sol_PuntoVenta.Presentacion\Sol_PuntoVenta.Presentacion.csproj", "{CF0A7533-BA9E-4AB4-9C2C-D4BF8D1CB75B}"
EndProject
Global
	GlobalSection(SolutionConfigurationPlatforms) = preSolution
		Debug|Any CPU = Debug|Any CPU
		Release|Any CPU = Release|Any CPU
	EndGlobalSection
	GlobalSection(ProjectConfigurationPlatforms) = postSolution
		{A90BDA76-2A51-4352-938A-973979205382}.Debug|Any CPU.ActiveCfg = Debug|Any CPU
		{A90BDA76-2A51-4352-938A-973979205382}.Debug|Any CPU.Build.0 = Debug|Any CPU
		{A90BDA76-2A51-4352-938A-973979205382}.Release|Any CPU.ActiveCfg = Release|Any CPU
		{A90BDA76-2A51-4352-938A-973979205382}.Release|Any CPU.Build.0 = Release|Any CPU
		{C358D9FB-6F4E-4CAF-A32B-404CB0598C7C}.Debug|Any CPU.ActiveCfg = Debug|Any CPU
		{C358D9FB-6F4E-4CAF-A32B-404CB0598C7C}.Debug|Any CPU.Build.0 = Debug|Any CPU
		{C358D9FB-6F4E-4CAF-A32B-404CB0598C7C}.Release|Any CPU.ActiveCfg = Release|Any CPU
		{C358D9FB-6F4E-4CAF-A32B-404CB0598C7C}.Release|Any CPU.Build.0 = Release|Any CPU
		{066B56CB-1626-47BC-BA9F-9D6B0F6C4526}.Debug|Any CPU.ActiveCfg = Debug|Any CPU
		{066B56CB-1626-47BC-BA9F-9D6B0F6C4526}.Debug|Any CPU.Build.0 = Debug|Any CPU
		{066B56CB-1626-47BC-BA9F-9D6B0F6C4526}.Release|Any CPU.ActiveCfg = Release|Any CPU
		{066B56CB-1626-47BC-BA9F-9D6B0F6C4526}.Release|Any CPU.Build.0 = Release|Any CPU
		{CF0A7533-BA9E-4AB4-9C2C-D4BF8D1CB75B}.Debug|Any CPU.ActiveCfg = Debug|Any CPU
		{CF0A7533-BA9E-4AB4-9C2C-D4BF8D1CB75B}.Debug|Any CPU.Build.0 = Debug|Any CPU
		{CF0A7533-BA9E-4AB4-9C2C-D4BF8D1CB75B}.Release|Any CPU.ActiveCfg = Release|Any CPU
		{CF0A7533-BA9E-4AB4-9C2C-D4BF8D1CB75B}.Release|Any CPU.Build.0 = Release|Any CPU
	EndGlobalSection
	GlobalSection(SolutionProperties) = preSolution
		HideSolutionNode = FALSE
	EndGlobalSection
	GlobalSection(ExtensibilityGlobals) = postSolution
		SolutionGuid = {6C031342-C1A7-4E7E-B187-CFC76B89570B}
	EndGlobalSection
EndGlobal
